
Microsoft Visual Studio Solution File, Format Version 12.00
# Visual Studio Version 17
VisualStudioVersion = 17.4.33122.133
MinimumVisualStudioVersion = 10.0.40219.1
Project("{9A19103F-16F7-4668-BE54-9A1E7A4F7556}") = "EnumStrategyWrapper", "EnumStrategyWrapper\EnumStrategyWrapper.csproj", "{FD6DAE62-EEB6-4352-B7C4-5B0B46CB04D3}"
EndProject
Project("{9A19103F-16F7-4668-BE54-9A1E7A4F7556}") = "EnumStrategyWrapperDemo", "EnumStrategyWrapperDemo\EnumStrategyWrapperDemo.csproj", "{DC2285D2-5B7D-4BAC-8704-904E8B453B35}"
EndProject
Project("{9A19103F-16F7-4668-BE54-9A1E7A4F7556}") = "EnumStrategyWrapper.Attribute", "EnumStrategyWrapper.Attribute\EnumStrategyWrapper.Attribute.csproj", "{D76E6ABC-09EE-41E7-98B7-FDED72CF0CE8}"
EndProject
Project("{FAE04EC0-301F-11D3-BF4B-00C04F79EFBC}") = "EnumStrategyWrapper.Enumeration", "EnumStrategyWrapper.Enumeration\EnumStrategyWrapper.Enumeration.csproj", "{C8D132BA-475D-47A3-9613-07B2AF99BA5A}"
EndProject
Global
	GlobalSection(SolutionConfigurationPlatforms) = preSolution
		Debug|Any CPU = Debug|Any CPU
		Release|Any CPU = Release|Any CPU
	EndGlobalSection
	GlobalSection(ProjectConfigurationPlatforms) = postSolution
		{FD6DAE62-EEB6-4352-B7C4-5B0B46CB04D3}.Debug|Any CPU.ActiveCfg = Debug|Any CPU
		{FD6DAE62-EEB6-4352-B7C4-5B0B46CB04D3}.Debug|Any CPU.Build.0 = Debug|Any CPU
		{FD6DAE62-EEB6-4352-B7C4-5B0B46CB04D3}.Release|Any CPU.ActiveCfg = Release|Any CPU
		{FD6DAE62-EEB6-4352-B7C4-5B0B46CB04D3}.Release|Any CPU.Build.0 = Release|Any CPU
		{DC2285D2-5B7D-4BAC-8704-904E8B453B35}.Debug|Any CPU.ActiveCfg = Debug|Any CPU
		{DC2285D2-5B7D-4BAC-8704-904E8B453B35}.Debug|Any CPU.Build.0 = Debug|Any CPU
		{DC2285D2-5B7D-4BAC-8704-904E8B453B35}.Release|Any CPU.ActiveCfg = Release|Any CPU
		{DC2285D2-5B7D-4BAC-8704-904E8B453B35}.Release|Any CPU.Build.0 = Release|Any CPU
		{D76E6ABC-09EE-41E7-98B7-FDED72CF0CE8}.Debug|Any CPU.ActiveCfg = Debug|Any CPU
		{D76E6ABC-09EE-41E7-98B7-FDED72CF0CE8}.Debug|Any CPU.Build.0 = Debug|Any CPU
		{D76E6ABC-09EE-41E7-98B7-FDED72CF0CE8}.Release|Any CPU.ActiveCfg = Release|Any CPU
		{D76E6ABC-09EE-41E7-98B7-FDED72CF0CE8}.Release|Any CPU.Build.0 = Release|Any CPU
		{C8D132BA-475D-47A3-9613-07B2AF99BA5A}.Debug|Any CPU.ActiveCfg = Debug|Any CPU
		{C8D132BA-475D-47A3-9613-07B2AF99BA5A}.Debug|Any CPU.Build.0 = Debug|Any CPU
		{C8D132BA-475D-47A3-9613-07B2AF99BA5A}.Release|Any CPU.ActiveCfg = Release|Any CPU
		{C8D132BA-475D-47A3-9613-07B2AF99BA5A}.Release|Any CPU.Build.0 = Release|Any CPU
	EndGlobalSection
	GlobalSection(SolutionProperties) = preSolution
		HideSolutionNode = FALSE
	EndGlobalSection
	GlobalSection(ExtensibilityGlobals) = postSolution
		SolutionGuid = {52AFB18E-BEE9-4584-B95B-C80EC97F70EE}
	EndGlobalSection
EndGlobal
